{
  "name": "nextjs-buildid-cache",
  "version": "1.0.0",
  "lockfileVersion": 2,
  "requires": true,
  "packages": {
    "": {
      "name": "nextjs-buildid-cache",
      "version": "1.0.0",
      "license": "ISC",
      "dependencies": {
        "next": "canary",
        "react": "^18.2.0",
        "react-dom": "^18.2.0"
      },
      "devDependencies": {
        "@types/node": "^18.0.0",
        "@types/react": "^18.0.14",
        "typescript": "^4.7.4"
      }
    },
    "node_modules/@next/env": {
      "version": "12.2.6-canary.1",
      "resolved": "https://registry.npmjs.org/@next/env/-/env-12.2.6-canary.1.tgz",
      "integrity": "sha512-mqlH6d4oM7+ig4QharBFAjDa5fSziPV3ypJFuCHKa414JIKCt5S89WX+QGIpNfrDeDIudG3MqlKEqq8wI13oSg=="
    },
    "node_modules/@next/swc-android-arm-eabi": {
      "version": "12.2.6-canary.1",
      "resolved": "https://registry.npmjs.org/@next/swc-android-arm-eabi/-/swc-android-arm-eabi-12.2.6-canary.1.tgz",
      "integrity": "sha512-oWwTz2J23ND8hRAiIl2fmK6P8CkB5jJdz2r34G8TUkMvug/+/HWNKquty247IO2C89OVh7NO7woLP/sA3qPCvw==",
      "cpu": [
        "arm"
      ],
      "optional": true,
      "os": [
        "android"
      ],
      "engines": {
        "node": ">= 10"
      }
    },
    "node_modules/@next/swc-android-arm64": {
      "version": "12.2.6-canary.1",
      "resolved": "https://registry.npmjs.org/@next/swc-android-arm64/-/swc-android-arm64-12.2.6-canary.1.tgz",
      "integrity": "sha512-YGlefOxeafm4xo1SDgdRtx0eQJ5WhPL93ZdsElvUlHcdbPyv+LotlAtV+/h0gfk68QLGOUcUbteRf7xeyURp6w==",
      "cpu": [
        "arm64"
      ],
      "optional": true,
      "os": [
        "android"
      ],
      "engines": {
        "node": ">= 10"
      }
    },
    "node_modules/@next/swc-darwin-arm64": {
      "version": "12.2.6-canary.1",
      "resolved": "https://registry.npmjs.org/@next/swc-darwin-arm64/-/swc-darwin-arm64-12.2.6-canary.1.tgz",
      "integrity": "sha512-oalzRDmKI49PuPHcl2/CgielLTMDTh4obbrytYxgukdcaxCbPrD0GGugJJJnLa5n7faY8EWyEHt8McXC4lWvQA==",
      "cpu": [
        "arm64"
      ],
      "optional": true,
      "os": [
        "darwin"
      ],
      "engines": {
        "node": ">= 10"
      }
    },
    "node_modules/@next/swc-darwin-x64": {
      "version": "12.2.6-canary.1",
      "resolved": "https://registry.npmjs.org/@next/swc-darwin-x64/-/swc-darwin-x64-12.2.6-canary.1.tgz",
      "integrity": "sha512-vyWcoF6QUOEm2J1g6AzGVb836qr+dCah78igNRKvi4A6MKhfBSVQNqL3sSFcIZ8gVXobPw9IX5gTfezWWyCCYA==",
      "cpu": [
        "x64"
      ],
      "optional": true,
      "os": [
        "darwin"
      ],
      "engines": {
        "node": ">= 10"
      }
    },
    "node_modules/@next/swc-freebsd-x64": {
      "version": "12.2.6-canary.1",
      "resolved": "https://registry.npmjs.org/@next/swc-freebsd-x64/-/swc-freebsd-x64-12.2.6-canary.1.tgz",
      "integrity": "sha512-dpDJFQcfnlAgvuynDOKCCJLcJNuubzC1ZgAZGbjK58B1a0HevwiWMvHob0WAW7XCO8BOINxx370424Qb8bbVQA==",
      "cpu": [
        "x64"
      ],
      "optional": true,
      "os": [
        "freebsd"
      ],
      "engines": {
        "node": ">= 10"
      }
    },
    "node_modules/@next/swc-linux-arm-gnueabihf": {
      "version": "12.2.6-canary.1",
      "resolved": "https://registry.npmjs.org/@next/swc-linux-arm-gnueabihf/-/swc-linux-arm-gnueabihf-12.2.6-canary.1.tgz",
      "integrity": "sha512-9348/yKBUMixWJNoUvUUw7K7i76j+H2m3B6TNfGNqS495a2DpnL6cZ5tg+oHs028I+C4giDLytYB+suH6/l7Cg==",
      "cpu": [
        "arm"
      ],
      "optional": true,
      "os": [
        "linux"
      ],
      "engines": {
        "node": ">= 10"
      }
    },
    "node_modules/@next/swc-linux-arm64-gnu": {
      "version": "12.2.6-canary.1",
      "resolved": "https://registry.npmjs.org/@next/swc-linux-arm64-gnu/-/swc-linux-arm64-gnu-12.2.6-canary.1.tgz",
      "integrity": "sha512-nOhm0xJiHg6cSSO3h5sz9eJHpTpxQPz6ramE3+2XN/AOVjW+d5Rj903wJE+5TfthCLuicxTTq4a6LfQpbzdk/A==",
      "cpu": [
        "arm64"
      ],
      "optional": true,
      "os": [
        "linux"
      ],
      "engines": {
        "node": ">= 10"
      }
    },
    "node_modules/@next/swc-linux-arm64-musl": {
      "version": "12.2.6-canary.1",
      "resolved": "https://registry.npmjs.org/@next/swc-linux-arm64-musl/-/swc-linux-arm64-musl-12.2.6-canary.1.tgz",
      "integrity": "sha512-oladAJm7w6DmXZ+NBh4J7MnbS+d58mm0drBou0hpartfCvkm6+yVFuPbKwJ1ZuDIFheLtLn2mxvRyxp17MBVwQ==",
      "cpu": [
        "arm64"
      ],
      "optional": true,
      "os": [
        "linux"
      ],
      "engines": {
        "node": ">= 10"
      }
    },
    "node_modules/@next/swc-linux-x64-gnu": {
      "version": "12.2.6-canary.1",
      "resolved": "https://registry.npmjs.org/@next/swc-linux-x64-gnu/-/swc-linux-x64-gnu-12.2.6-canary.1.tgz",
      "integrity": "sha512-FMVfbz/GTgTW9nlCpZ5lyGwYb1N4esB8rX77cZKlQcKJgimqgo7jlzu+lAcxn1i8zV9edbtwN2LmjZgD3+RvUQ==",
      "cpu": [
        "x64"
      ],
      "optional": true,
      "os": [
        "linux"
      ],
      "engines": {
        "node": ">= 10"
      }
    },
    "node_modules/@next/swc-linux-x64-musl": {
      "version": "12.2.6-canary.1",
      "resolved": "https://registry.npmjs.org/@next/swc-linux-x64-musl/-/swc-linux-x64-musl-12.2.6-canary.1.tgz",
      "integrity": "sha512-MbXBtuECE2gAa93h62wIW0QWVx0+h/Qe1QLqDTZ2NqTheQkTE4v4zPqmxiyiiEmyMY1tJgHdLVxaRcnINmZomQ==",
      "cpu": [
        "x64"
      ],
      "optional": true,
      "os": [
        "linux"
      ],
      "engines": {
        "node": ">= 10"
      }
    },
    "node_modules/@next/swc-win32-arm64-msvc": {
      "version": "12.2.6-canary.1",
      "resolved": "https://registry.npmjs.org/@next/swc-win32-arm64-msvc/-/swc-win32-arm64-msvc-12.2.6-canary.1.tgz",
      "integrity": "sha512-scsVuWFFDeXpD6s4rGm7Ww88I8svjVVwj0rXGx7eE2I/R9MUT5ZJe7GivdcLFYkaWMXi3EW1zbX3nUQBvBt/hQ==",
      "cpu": [
        "arm64"
      ],
      "optional": true,
      "os": [
        "win32"
      ],
      "engines": {
        "node": ">= 10"
      }
    },
    "node_modules/@next/swc-win32-ia32-msvc": {
      "version": "12.2.6-canary.1",
      "resolved": "https://registry.npmjs.org/@next/swc-win32-ia32-msvc/-/swc-win32-ia32-msvc-12.2.6-canary.1.tgz",
      "integrity": "sha512-foYZRYQbAlAqorudwgbvUk3ZptdDqTEG4QigHc4/pIVVeYE4bKPaK639hZfH/Z4QFwQ0jn8ZIare9Ah6mFZthg==",
      "cpu": [
        "ia32"
      ],
      "optional": true,
      "os": [
        "win32"
      ],
      "engines": {
        "node": ">= 10"
      }
    },
    "node_modules/@next/swc-win32-x64-msvc": {
      "version": "12.2.6-canary.1",
      "resolved": "https://registry.npmjs.org/@next/swc-win32-x64-msvc/-/swc-win32-x64-msvc-12.2.6-canary.1.tgz",
      "integrity": "sha512-uELta1LF4QxfJYoo4yvS26hTfk5hmqWUCNDCqQrglALRUfW1bK1nkrm1ztFHFBF9Igje1iunwiRiC3GRAhcENA==",
      "cpu": [
        "x64"
      ],
      "optional": true,
      "os": [
        "win32"
      ],
      "engines": {
        "node": ">= 10"
      }
    },
    "node_modules/@swc/helpers": {
      "version": "0.4.3",
      "resolved": "https://registry.npmjs.org/@swc/helpers/-/helpers-0.4.3.tgz",
      "integrity": "sha512-6JrF+fdUK2zbGpJIlN7G3v966PQjyx/dPt1T9km2wj+EUBqgrxCk3uX4Kct16MIm9gGxfKRcfax2hVf5jvlTzA==",
      "dependencies": {
        "tslib": "^2.4.0"
      }
    },
    "node_modules/@types/node": {
      "version": "18.7.6",
      "resolved": "https://registry.npmjs.org/@types/node/-/node-18.7.6.tgz",
      "integrity": "sha512-EdxgKRXgYsNITy5mjjXjVE/CS8YENSdhiagGrLqjG0pvA2owgJ6i4l7wy/PFZGC0B1/H20lWKN7ONVDNYDZm7A==",
      "dev": true
    },
    "node_modules/@types/prop-types": {
      "version": "15.7.5",
      "resolved": "https://registry.npmjs.org/@types/prop-types/-/prop-types-15.7.5.tgz",
      "integrity": "sha512-JCB8C6SnDoQf0cNycqd/35A7MjcnK+ZTqE7judS6o7utxUCg6imJg3QK2qzHKszlTjcj2cn+NwMB2i96ubpj7w==",
      "dev": true
    },
    "node_modules/@types/react": {
      "version": "18.0.17",
      "resolved": "https://registry.npmjs.org/@types/react/-/react-18.0.17.tgz",
      "integrity": "sha512-38ETy4tL+rn4uQQi7mB81G7V1g0u2ryquNmsVIOKUAEIDK+3CUjZ6rSRpdvS99dNBnkLFL83qfmtLacGOTIhwQ==",
      "dev": true,
      "dependencies": {
        "@types/prop-types": "*",
        "@types/scheduler": "*",
        "csstype": "^3.0.2"
      }
    },
    "node_modules/@types/scheduler": {
      "version": "0.16.2",
      "resolved": "https://registry.npmjs.org/@types/scheduler/-/scheduler-0.16.2.tgz",
      "integrity": "sha512-hppQEBDmlwhFAXKJX2KnWLYu5yMfi91yazPb2l+lbJiwW+wdo1gNeRA+3RgNSO39WYX2euey41KEwnqesU2Jew==",
      "dev": true
    },
    "node_modules/caniuse-lite": {
      "version": "1.0.30001378",
      "resolved": "https://registry.npmjs.org/caniuse-lite/-/caniuse-lite-1.0.30001378.tgz",
      "integrity": "sha512-JVQnfoO7FK7WvU4ZkBRbPjaot4+YqxogSDosHv0Hv5mWpUESmN+UubMU6L/hGz8QlQ2aY5U0vR6MOs6j/CXpNA==",
      "funding": [
        {
          "type": "opencollective",
          "url": "https://opencollective.com/browserslist"
        },
        {
          "type": "tidelift",
          "url": "https://tidelift.com/funding/github/npm/caniuse-lite"
        }
      ]
    },
    "node_modules/csstype": {
      "version": "3.1.0",
      "resolved": "https://registry.npmjs.org/csstype/-/csstype-3.1.0.tgz",
      "integrity": "sha512-uX1KG+x9h5hIJsaKR9xHUeUraxf8IODOwq9JLNPq6BwB04a/xgpq3rcx47l5BZu5zBPlgD342tdke3Hom/nJRA==",
      "dev": true
    },
    "node_modules/js-tokens": {
      "version": "4.0.0",
      "resolved": "https://registry.npmjs.org/js-tokens/-/js-tokens-4.0.0.tgz",
      "integrity": "sha512-RdJUflcE3cUzKiMqQgsCu06FPu9UdIJO0beYbPhHN4k6apgJtifcoCtT9bcxOpYBtpD2kCM6Sbzg4CausW/PKQ=="
    },
    "node_modules/loose-envify": {
      "version": "1.4.0",
      "resolved": "https://registry.npmjs.org/loose-envify/-/loose-envify-1.4.0.tgz",
      "integrity": "sha512-lyuxPGr/Wfhrlem2CL/UcnUc1zcqKAImBDzukY7Y5F/yQiNdko6+fRLevlw1HgMySw7f611UIY408EtxRSoK3Q==",
      "dependencies": {
        "js-tokens": "^3.0.0 || ^4.0.0"
      },
      "bin": {
        "loose-envify": "cli.js"
      }
    },
    "node_modules/nanoid": {
      "version": "3.3.4",
      "resolved": "https://registry.npmjs.org/nanoid/-/nanoid-3.3.4.tgz",
      "integrity": "sha512-MqBkQh/OHTS2egovRtLk45wEyNXwF+cokD+1YPf9u5VfJiRdAiRwB2froX5Co9Rh20xs4siNPm8naNotSD6RBw==",
      "bin": {
        "nanoid": "bin/nanoid.cjs"
      },
      "engines": {
        "node": "^10 || ^12 || ^13.7 || ^14 || >=15.0.1"
      }
    },
    "node_modules/next": {
      "version": "12.2.6-canary.1",
      "resolved": "https://registry.npmjs.org/next/-/next-12.2.6-canary.1.tgz",
      "integrity": "sha512-QgXsKwAtZkjSpuVB5yMD4fVn5+0zxjvs/TB5L1DEZJjUtdBs/3tEHluDxdW0bI4jPINh024Ht7GksGLM1OQIAA==",
      "dependencies": {
        "@next/env": "12.2.6-canary.1",
        "@swc/helpers": "0.4.3",
        "caniuse-lite": "^1.0.30001332",
        "postcss": "8.4.14",
        "styled-jsx": "5.0.4",
        "use-sync-external-store": "1.2.0"
      },
      "bin": {
        "next": "dist/bin/next"
      },
      "engines": {
        "node": ">=12.22.0"
      },
      "optionalDependencies": {
        "@next/swc-android-arm-eabi": "12.2.6-canary.1",
        "@next/swc-android-arm64": "12.2.6-canary.1",
        "@next/swc-darwin-arm64": "12.2.6-canary.1",
        "@next/swc-darwin-x64": "12.2.6-canary.1",
        "@next/swc-freebsd-x64": "12.2.6-canary.1",
        "@next/swc-linux-arm-gnueabihf": "12.2.6-canary.1",
        "@next/swc-linux-arm64-gnu": "12.2.6-canary.1",
        "@next/swc-linux-arm64-musl": "12.2.6-canary.1",
        "@next/swc-linux-x64-gnu": "12.2.6-canary.1",
        "@next/swc-linux-x64-musl": "12.2.6-canary.1",
        "@next/swc-win32-arm64-msvc": "12.2.6-canary.1",
        "@next/swc-win32-ia32-msvc": "12.2.6-canary.1",
        "@next/swc-win32-x64-msvc": "12.2.6-canary.1"
      },
      "peerDependencies": {
        "fibers": ">= 3.1.0",
        "node-sass": "^6.0.0 || ^7.0.0",
        "react": "^17.0.2 || ^18.0.0-0",
        "react-dom": "^17.0.2 || ^18.0.0-0",
        "sass": "^1.3.0"
      },
      "peerDependenciesMeta": {
        "fibers": {
          "optional": true
        },
        "node-sass": {
          "optional": true
        },
        "sass": {
          "optional": true
        }
      }
    },
    "node_modules/picocolors": {
      "version": "1.0.0",
      "resolved": "https://registry.npmjs.org/picocolors/-/picocolors-1.0.0.tgz",
      "integrity": "sha512-1fygroTLlHu66zi26VoTDv8yRgm0Fccecssto+MhsZ0D/DGW2sm8E8AjW7NU5VVTRt5GxbeZ5qBuJr+HyLYkjQ=="
    },
    "node_modules/postcss": {
      "version": "8.4.14",
      "resolved": "https://registry.npmjs.org/postcss/-/postcss-8.4.14.tgz",
      "integrity": "sha512-E398TUmfAYFPBSdzgeieK2Y1+1cpdxJx8yXbK/m57nRhKSmk1GB2tO4lbLBtlkfPQTDKfe4Xqv1ASWPpayPEig==",
      "funding": [
        {
          "type": "opencollective",
          "url": "https://opencollective.com/postcss/"
        },
        {
          "type": "tidelift",
          "url": "https://tidelift.com/funding/github/npm/postcss"
        }
      ],
      "dependencies": {
        "nanoid": "^3.3.4",
        "picocolors": "^1.0.0",
        "source-map-js": "^1.0.2"
      },
      "engines": {
        "node": "^10 || ^12 || >=14"
      }
    },
    "node_modules/react": {
      "version": "18.2.0",
      "resolved": "https://registry.npmjs.org/react/-/react-18.2.0.tgz",
      "integrity": "sha512-/3IjMdb2L9QbBdWiW5e3P2/npwMBaU9mHCSCUzNln0ZCYbcfTsGbTJrU/kGemdH2IWmB2ioZ+zkxtmq6g09fGQ==",
      "dependencies": {
        "loose-envify": "^1.1.0"
      },
      "engines": {
        "node": ">=0.10.0"
      }
    },
    "node_modules/react-dom": {
      "version": "18.2.0",
      "resolved": "https://registry.npmjs.org/react-dom/-/react-dom-18.2.0.tgz",
      "integrity": "sha512-6IMTriUmvsjHUjNtEDudZfuDQUoWXVxKHhlEGSk81n4YFS+r/Kl99wXiwlVXtPBtJenozv2P+hxDsw9eA7Xo6g==",
      "dependencies": {
        "loose-envify": "^1.1.0",
        "scheduler": "^0.23.0"
      },
      "peerDependencies": {
        "react": "^18.2.0"
      }
    },
    "node_modules/scheduler": {
      "version": "0.23.0",
      "resolved": "https://registry.npmjs.org/scheduler/-/scheduler-0.23.0.tgz",
      "integrity": "sha512-CtuThmgHNg7zIZWAXi3AsyIzA3n4xx7aNyjwC2VJldO2LMVDhFK+63xGqq6CsJH4rTAt6/M+N4GhZiDYPx9eUw==",
      "dependencies": {
        "loose-envify": "^1.1.0"
      }
    },
    "node_modules/source-map-js": {
      "version": "1.0.2",
      "resolved": "https://registry.npmjs.org/source-map-js/-/source-map-js-1.0.2.tgz",
      "integrity": "sha512-R0XvVJ9WusLiqTCEiGCmICCMplcCkIwwR11mOSD9CR5u+IXYdiseeEuXCVAjS54zqwkLcPNnmU4OeJ6tUrWhDw==",
      "engines": {
        "node": ">=0.10.0"
      }
    },
    "node_modules/styled-jsx": {
      "version": "5.0.4",
      "resolved": "https://registry.npmjs.org/styled-jsx/-/styled-jsx-5.0.4.tgz",
      "integrity": "sha512-sDFWLbg4zR+UkNzfk5lPilyIgtpddfxXEULxhujorr5jtePTUqiPDc5BC0v1NRqTr/WaFBGQQUoYToGlF4B2KQ==",
      "engines": {
        "node": ">= 12.0.0"
      },
      "peerDependencies": {
        "react": ">= 16.8.0 || 17.x.x || ^18.0.0-0"
      },
      "peerDependenciesMeta": {
        "@babel/core": {
          "optional": true
        },
        "babel-plugin-macros": {
          "optional": true
        }
      }
    },
    "node_modules/tslib": {
      "version": "2.4.0",
      "resolved": "https://registry.npmjs.org/tslib/-/tslib-2.4.0.tgz",
      "integrity": "sha512-d6xOpEDfsi2CZVlPQzGeux8XMwLT9hssAsaPYExaQMuYskwb+x1x7J371tWlbBdWHroy99KnVB6qIkUbs5X3UQ=="
    },
    "node_modules/typescript": {
      "version": "4.7.4",
      "resolved": "https://registry.npmjs.org/typescript/-/typescript-4.7.4.tgz",
      "integrity": "sha512-C0WQT0gezHuw6AdY1M2jxUO83Rjf0HP7Sk1DtXj6j1EwkQNZrHAg2XPWlq62oqEhYvONq5pkC2Y9oPljWToLmQ==",
      "dev": true,
      "bin": {
        "tsc": "bin/tsc",
        "tsserver": "bin/tsserver"
      },
      "engines": {
        "node": ">=4.2.0"
      }
    },
    "node_modules/use-sync-external-store": {
      "version": "1.2.0",
      "resolved": "https://registry.npmjs.org/use-sync-external-store/-/use-sync-external-store-1.2.0.tgz",
      "integrity": "sha512-eEgnFxGQ1Ife9bzYs6VLi8/4X6CObHMw9Qr9tPY43iKwsPw8xE8+EFsf/2cFZ5S3esXgpWgtSCtLNS41F+sKPA==",
      "peerDependencies": {
        "react": "^16.8.0 || ^17.0.0 || ^18.0.0"
      }
    }
  },
  "dependencies": {
    "@next/env": {
      "version": "12.2.6-canary.1",
      "resolved": "https://registry.npmjs.org/@next/env/-/env-12.2.6-canary.1.tgz",
      "integrity": "sha512-mqlH6d4oM7+ig4QharBFAjDa5fSziPV3ypJFuCHKa414JIKCt5S89WX+QGIpNfrDeDIudG3MqlKEqq8wI13oSg=="
    },
    "@next/swc-android-arm-eabi": {
      "version": "12.2.6-canary.1",
      "resolved": "https://registry.npmjs.org/@next/swc-android-arm-eabi/-/swc-android-arm-eabi-12.2.6-canary.1.tgz",
      "integrity": "sha512-oWwTz2J23ND8hRAiIl2fmK6P8CkB5jJdz2r34G8TUkMvug/+/HWNKquty247IO2C89OVh7NO7woLP/sA3qPCvw==",
      "optional": true
    },
    "@next/swc-android-arm64": {
      "version": "12.2.6-canary.1",
      "resolved": "https://registry.npmjs.org/@next/swc-android-arm64/-/swc-android-arm64-12.2.6-canary.1.tgz",
      "integrity": "sha512-YGlefOxeafm4xo1SDgdRtx0eQJ5WhPL93ZdsElvUlHcdbPyv+LotlAtV+/h0gfk68QLGOUcUbteRf7xeyURp6w==",
      "optional": true
    },
    "@next/swc-darwin-arm64": {
      "version": "12.2.6-canary.1",
      "resolved": "https://registry.npmjs.org/@next/swc-darwin-arm64/-/swc-darwin-arm64-12.2.6-canary.1.tgz",
      "integrity": "sha512-oalzRDmKI49PuPHcl2/CgielLTMDTh4obbrytYxgukdcaxCbPrD0GGugJJJnLa5n7faY8EWyEHt8McXC4lWvQA==",
      "optional": true
    },
    "@next/swc-darwin-x64": {
      "version": "12.2.6-canary.1",
      "resolved": "https://registry.npmjs.org/@next/swc-darwin-x64/-/swc-darwin-x64-12.2.6-canary.1.tgz",
      "integrity": "sha512-vyWcoF6QUOEm2J1g6AzGVb836qr+dCah78igNRKvi4A6MKhfBSVQNqL3sSFcIZ8gVXobPw9IX5gTfezWWyCCYA==",
      "optional": true
    },
    "@next/swc-freebsd-x64": {
      "version": "12.2.6-canary.1",
      "resolved": "https://registry.npmjs.org/@next/swc-freebsd-x64/-/swc-freebsd-x64-12.2.6-canary.1.tgz",
      "integrity": "sha512-dpDJFQcfnlAgvuynDOKCCJLcJNuubzC1ZgAZGbjK58B1a0HevwiWMvHob0WAW7XCO8BOINxx370424Qb8bbVQA==",
      "optional": true
    },
    "@next/swc-linux-arm-gnueabihf": {
      "version": "12.2.6-canary.1",
      "resolved": "https://registry.npmjs.org/@next/swc-linux-arm-gnueabihf/-/swc-linux-arm-gnueabihf-12.2.6-canary.1.tgz",
      "integrity": "sha512-9348/yKBUMixWJNoUvUUw7K7i76j+H2m3B6TNfGNqS495a2DpnL6cZ5tg+oHs028I+C4giDLytYB+suH6/l7Cg==",
      "optional": true
    },
    "@next/swc-linux-arm64-gnu": {
      "version": "12.2.6-canary.1",
      "resolved": "https://registry.npmjs.org/@next/swc-linux-arm64-gnu/-/swc-linux-arm64-gnu-12.2.6-canary.1.tgz",
      "integrity": "sha512-nOhm0xJiHg6cSSO3h5sz9eJHpTpxQPz6ramE3+2XN/AOVjW+d5Rj903wJE+5TfthCLuicxTTq4a6LfQpbzdk/A==",
      "optional": true
    },
    "@next/swc-linux-arm64-musl": {
      "version": "12.2.6-canary.1",
      "resolved": "https://registry.npmjs.org/@next/swc-linux-arm64-musl/-/swc-linux-arm64-musl-12.2.6-canary.1.tgz",
      "integrity": "sha512-oladAJm7w6DmXZ+NBh4J7MnbS+d58mm0drBou0hpartfCvkm6+yVFuPbKwJ1ZuDIFheLtLn2mxvRyxp17MBVwQ==",
      "optional": true
    },
    "@next/swc-linux-x64-gnu": {
      "version": "12.2.6-canary.1",
      "resolved": "https://registry.npmjs.org/@next/swc-linux-x64-gnu/-/swc-linux-x64-gnu-12.2.6-canary.1.tgz",
      "integrity": "sha512-FMVfbz/GTgTW9nlCpZ5lyGwYb1N4esB8rX77cZKlQcKJgimqgo7jlzu+lAcxn1i8zV9edbtwN2LmjZgD3+RvUQ==",
      "optional": true
    },
    "@next/swc-linux-x64-musl": {
      "version": "12.2.6-canary.1",
      "resolved": "https://registry.npmjs.org/@next/swc-linux-x64-musl/-/swc-linux-x64-musl-12.2.6-canary.1.tgz",
      "integrity": "sha512-MbXBtuECE2gAa93h62wIW0QWVx0+h/Qe1QLqDTZ2NqTheQkTE4v4zPqmxiyiiEmyMY1tJgHdLVxaRcnINmZomQ==",
      "optional": true
    },
    "@next/swc-win32-arm64-msvc": {
      "version": "12.2.6-canary.1",
      "resolved": "https://registry.npmjs.org/@next/swc-win32-arm64-msvc/-/swc-win32-arm64-msvc-12.2.6-canary.1.tgz",
      "integrity": "sha512-scsVuWFFDeXpD6s4rGm7Ww88I8svjVVwj0rXGx7eE2I/R9MUT5ZJe7GivdcLFYkaWMXi3EW1zbX3nUQBvBt/hQ==",
      "optional": true
    },
    "@next/swc-win32-ia32-msvc": {
      "version": "12.2.6-canary.1",
      "resolved": "https://registry.npmjs.org/@next/swc-win32-ia32-msvc/-/swc-win32-ia32-msvc-12.2.6-canary.1.tgz",
      "integrity": "sha512-foYZRYQbAlAqorudwgbvUk3ZptdDqTEG4QigHc4/pIVVeYE4bKPaK639hZfH/Z4QFwQ0jn8ZIare9Ah6mFZthg==",
      "optional": true
    },
    "@next/swc-win32-x64-msvc": {
      "version": "12.2.6-canary.1",
      "resolved": "https://registry.npmjs.org/@next/swc-win32-x64-msvc/-/swc-win32-x64-msvc-12.2.6-canary.1.tgz",
      "integrity": "sha512-uELta1LF4QxfJYoo4yvS26hTfk5hmqWUCNDCqQrglALRUfW1bK1nkrm1ztFHFBF9Igje1iunwiRiC3GRAhcENA==",
      "optional": true
    },
    "@swc/helpers": {
      "version": "0.4.3",
      "resolved": "https://registry.npmjs.org/@swc/helpers/-/helpers-0.4.3.tgz",
      "integrity": "sha512-6JrF+fdUK2zbGpJIlN7G3v966PQjyx/dPt1T9km2wj+EUBqgrxCk3uX4Kct16MIm9gGxfKRcfax2hVf5jvlTzA==",
      "requires": {
        "tslib": "^2.4.0"
      }
    },
    "@types/node": {
      "version": "18.7.6",
      "resolved": "https://registry.npmjs.org/@types/node/-/node-18.7.6.tgz",
      "integrity": "sha512-EdxgKRXgYsNITy5mjjXjVE/CS8YENSdhiagGrLqjG0pvA2owgJ6i4l7wy/PFZGC0B1/H20lWKN7ONVDNYDZm7A==",
      "dev": true
    },
    "@types/prop-types": {
      "version": "15.7.5",
      "resolved": "https://registry.npmjs.org/@types/prop-types/-/prop-types-15.7.5.tgz",
      "integrity": "sha512-JCB8C6SnDoQf0cNycqd/35A7MjcnK+ZTqE7judS6o7utxUCg6imJg3QK2qzHKszlTjcj2cn+NwMB2i96ubpj7w==",
      "dev": true
    },
    "@types/react": {
      "version": "18.0.17",
      "resolved": "https://registry.npmjs.org/@types/react/-/react-18.0.17.tgz",
      "integrity": "sha512-38ETy4tL+rn4uQQi7mB81G7V1g0u2ryquNmsVIOKUAEIDK+3CUjZ6rSRpdvS99dNBnkLFL83qfmtLacGOTIhwQ==",
      "dev": true,
      "requires": {
        "@types/prop-types": "*",
        "@types/scheduler": "*",
        "csstype": "^3.0.2"
      }
    },
    "@types/scheduler": {
      "version": "0.16.2",
      "resolved": "https://registry.npmjs.org/@types/scheduler/-/scheduler-0.16.2.tgz",
      "integrity": "sha512-hppQEBDmlwhFAXKJX2KnWLYu5yMfi91yazPb2l+lbJiwW+wdo1gNeRA+3RgNSO39WYX2euey41KEwnqesU2Jew==",
      "dev": true
    },
    "caniuse-lite": {
      "version": "1.0.30001378",
      "resolved": "https://registry.npmjs.org/caniuse-lite/-/caniuse-lite-1.0.30001378.tgz",
      "integrity": "sha512-JVQnfoO7FK7WvU4ZkBRbPjaot4+YqxogSDosHv0Hv5mWpUESmN+UubMU6L/hGz8QlQ2aY5U0vR6MOs6j/CXpNA=="
    },
    "csstype": {
      "version": "3.1.0",
      "resolved": "https://registry.npmjs.org/csstype/-/csstype-3.1.0.tgz",
      "integrity": "sha512-uX1KG+x9h5hIJsaKR9xHUeUraxf8IODOwq9JLNPq6BwB04a/xgpq3rcx47l5BZu5zBPlgD342tdke3Hom/nJRA==",
      "dev": true
    },
    "js-tokens": {
      "version": "4.0.0",
      "resolved": "https://registry.npmjs.org/js-tokens/-/js-tokens-4.0.0.tgz",
      "integrity": "sha512-RdJUflcE3cUzKiMqQgsCu06FPu9UdIJO0beYbPhHN4k6apgJtifcoCtT9bcxOpYBtpD2kCM6Sbzg4CausW/PKQ=="
    },
    "loose-envify": {
      "version": "1.4.0",
      "resolved": "https://registry.npmjs.org/loose-envify/-/loose-envify-1.4.0.tgz",
      "integrity": "sha512-lyuxPGr/Wfhrlem2CL/UcnUc1zcqKAImBDzukY7Y5F/yQiNdko6+fRLevlw1HgMySw7f611UIY408EtxRSoK3Q==",
      "requires": {
        "js-tokens": "^3.0.0 || ^4.0.0"
      }
    },
    "nanoid": {
      "version": "3.3.4",
      "resolved": "https://registry.npmjs.org/nanoid/-/nanoid-3.3.4.tgz",
      "integrity": "sha512-MqBkQh/OHTS2egovRtLk45wEyNXwF+cokD+1YPf9u5VfJiRdAiRwB2froX5Co9Rh20xs4siNPm8naNotSD6RBw=="
    },
    "next": {
      "version": "12.2.6-canary.1",
      "resolved": "https://registry.npmjs.org/next/-/next-12.2.6-canary.1.tgz",
      "integrity": "sha512-QgXsKwAtZkjSpuVB5yMD4fVn5+0zxjvs/TB5L1DEZJjUtdBs/3tEHluDxdW0bI4jPINh024Ht7GksGLM1OQIAA==",
      "requires": {
        "@next/env": "12.2.6-canary.1",
        "@next/swc-android-arm-eabi": "12.2.6-canary.1",
        "@next/swc-android-arm64": "12.2.6-canary.1",
        "@next/swc-darwin-arm64": "12.2.6-canary.1",
        "@next/swc-darwin-x64": "12.2.6-canary.1",
        "@next/swc-freebsd-x64": "12.2.6-canary.1",
        "@next/swc-linux-arm-gnueabihf": "12.2.6-canary.1",
        "@next/swc-linux-arm64-gnu": "12.2.6-canary.1",
        "@next/swc-linux-arm64-musl": "12.2.6-canary.1",
        "@next/swc-linux-x64-gnu": "12.2.6-canary.1",
        "@next/swc-linux-x64-musl": "12.2.6-canary.1",
        "@next/swc-win32-arm64-msvc": "12.2.6-canary.1",
        "@next/swc-win32-ia32-msvc": "12.2.6-canary.1",
        "@next/swc-win32-x64-msvc": "12.2.6-canary.1",
        "@swc/helpers": "0.4.3",
        "caniuse-lite": "^1.0.30001332",
        "postcss": "8.4.14",
        "styled-jsx": "5.0.4",
        "use-sync-external-store": "1.2.0"
      }
    },
    "picocolors": {
      "version": "1.0.0",
      "resolved": "https://registry.npmjs.org/picocolors/-/picocolors-1.0.0.tgz",
      "integrity": "sha512-1fygroTLlHu66zi26VoTDv8yRgm0Fccecssto+MhsZ0D/DGW2sm8E8AjW7NU5VVTRt5GxbeZ5qBuJr+HyLYkjQ=="
    },
    "postcss": {
      "version": "8.4.14",
      "resolved": "https://registry.npmjs.org/postcss/-/postcss-8.4.14.tgz",
      "integrity": "sha512-E398TUmfAYFPBSdzgeieK2Y1+1cpdxJx8yXbK/m57nRhKSmk1GB2tO4lbLBtlkfPQTDKfe4Xqv1ASWPpayPEig==",
      "requires": {
        "nanoid": "^3.3.4",
        "picocolors": "^1.0.0",
        "source-map-js": "^1.0.2"
      }
    },
    "react": {
      "version": "18.2.0",
      "resolved": "https://registry.npmjs.org/react/-/react-18.2.0.tgz",
      "integrity": "sha512-/3IjMdb2L9QbBdWiW5e3P2/npwMBaU9mHCSCUzNln0ZCYbcfTsGbTJrU/kGemdH2IWmB2ioZ+zkxtmq6g09fGQ==",
      "requires": {
        "loose-envify": "^1.1.0"
      }
    },
    "react-dom": {
      "version": "18.2.0",
      "resolved": "https://registry.npmjs.org/react-dom/-/react-dom-18.2.0.tgz",
      "integrity": "sha512-6IMTriUmvsjHUjNtEDudZfuDQUoWXVxKHhlEGSk81n4YFS+r/Kl99wXiwlVXtPBtJenozv2P+hxDsw9eA7Xo6g==",
      "requires": {
        "loose-envify": "^1.1.0",
        "scheduler": "^0.23.0"
      }
    },
    "scheduler": {
      "version": "0.23.0",
      "resolved": "https://registry.npmjs.org/scheduler/-/scheduler-0.23.0.tgz",
      "integrity": "sha512-CtuThmgHNg7zIZWAXi3AsyIzA3n4xx7aNyjwC2VJldO2LMVDhFK+63xGqq6CsJH4rTAt6/M+N4GhZiDYPx9eUw==",
      "requires": {
        "loose-envify": "^1.1.0"
      }
    },
    "source-map-js": {
      "version": "1.0.2",
      "resolved": "https://registry.npmjs.org/source-map-js/-/source-map-js-1.0.2.tgz",
      "integrity": "sha512-R0XvVJ9WusLiqTCEiGCmICCMplcCkIwwR11mOSD9CR5u+IXYdiseeEuXCVAjS54zqwkLcPNnmU4OeJ6tUrWhDw=="
    },
    "styled-jsx": {
      "version": "5.0.4",
      "resolved": "https://registry.npmjs.org/styled-jsx/-/styled-jsx-5.0.4.tgz",
      "integrity": "sha512-sDFWLbg4zR+UkNzfk5lPilyIgtpddfxXEULxhujorr5jtePTUqiPDc5BC0v1NRqTr/WaFBGQQUoYToGlF4B2KQ==",
      "requires": {}
    },
    "tslib": {
      "version": "2.4.0",
      "resolved": "https://registry.npmjs.org/tslib/-/tslib-2.4.0.tgz",
      "integrity": "sha512-d6xOpEDfsi2CZVlPQzGeux8XMwLT9hssAsaPYExaQMuYskwb+x1x7J371tWlbBdWHroy99KnVB6qIkUbs5X3UQ=="
    },
    "typescript": {
      "version": "4.7.4",
      "resolved": "https://registry.npmjs.org/typescript/-/typescript-4.7.4.tgz",
      "integrity": "sha512-C0WQT0gezHuw6AdY1M2jxUO83Rjf0HP7Sk1DtXj6j1EwkQNZrHAg2XPWlq62oqEhYvONq5pkC2Y9oPljWToLmQ==",
      "dev": true
    },
    "use-sync-external-store": {
      "version": "1.2.0",
      "resolved": "https://registry.npmjs.org/use-sync-external-store/-/use-sync-external-store-1.2.0.tgz",
      "integrity": "sha512-eEgnFxGQ1Ife9bzYs6VLi8/4X6CObHMw9Qr9tPY43iKwsPw8xE8+EFsf/2cFZ5S3esXgpWgtSCtLNS41F+sKPA==",
      "requires": {}
    }
  }
}
